
Microsoft Visual Studio Solution File, Format Version 12.00
# Visual Studio Version 16
VisualStudioVersion = 16.0.29403.142
MinimumVisualStudioVersion = 10.0.40219.1
Project("{FAE04EC0-301F-11D3-BF4B-00C04F79EFBC}") = "LightBright.UWP", "LightBright\LightBright.UWP\LightBright.UWP.csproj", "{48214017-A9A0-4F0C-9F06-D2418F9B7576}"
EndProject
Project("{FAE04EC0-301F-11D3-BF4B-00C04F79EFBC}") = "LightBright.Android", "LightBright\LightBright.Android\LightBright.Android.csproj", "{B14610FD-0084-412D-A90A-EFACF13099F5}"
EndProject
Project("{FAE04EC0-301F-11D3-BF4B-00C04F79EFBC}") = "LightBright.iOS", "LightBright\LightBright.iOS\LightBright.iOS.csproj", "{580D7367-E115-4F2C-81AB-9F75ADE90DEE}"
EndProject
Project("{FAE04EC0-301F-11D3-BF4B-00C04F79EFBC}") = "LightBright", "LightBright\LightBright\LightBright.csproj", "{366C24F7-1297-43FF-838B-8B4039F5264A}"
EndProject
Global
	GlobalSection(SolutionConfigurationPlatforms) = preSolution
		Debug|Any CPU = Debug|Any CPU
		Debug|ARM = Debug|ARM
		Debug|iPhone = Debug|iPhone
		Debug|iPhoneSimulator = Debug|iPhoneSimulator
		Debug|x64 = Debug|x64
		Debug|x86 = Debug|x86
		Release|Any CPU = Release|Any CPU
		Release|ARM = Release|ARM
		Release|iPhone = Release|iPhone
		Release|iPhoneSimulator = Release|iPhoneSimulator
		Release|x64 = Release|x64
		Release|x86 = Release|x86
	EndGlobalSection
	GlobalSection(ProjectConfigurationPlatforms) = postSolution
		{48214017-A9A0-4F0C-9F06-D2418F9B7576}.Debug|Any CPU.ActiveCfg = Debug|x86
		{48214017-A9A0-4F0C-9F06-D2418F9B7576}.Debug|Any CPU.Build.0 = Debug|x86
		{48214017-A9A0-4F0C-9F06-D2418F9B7576}.Debug|Any CPU.Deploy.0 = Debug|x86
		{48214017-A9A0-4F0C-9F06-D2418F9B7576}.Debug|ARM.ActiveCfg = Debug|ARM
		{48214017-A9A0-4F0C-9F06-D2418F9B7576}.Debug|ARM.Build.0 = Debug|ARM
		{48214017-A9A0-4F0C-9F06-D2418F9B7576}.Debug|ARM.Deploy.0 = Debug|ARM
		{48214017-A9A0-4F0C-9F06-D2418F9B7576}.Debug|iPhone.ActiveCfg = Debug|x86
		{48214017-A9A0-4F0C-9F06-D2418F9B7576}.Debug|iPhone.Build.0 = Debug|x86
		{48214017-A9A0-4F0C-9F06-D2418F9B7576}.Debug|iPhone.Deploy.0 = Debug|x86
		{48214017-A9A0-4F0C-9F06-D2418F9B7576}.Debug|iPhoneSimulator.ActiveCfg = Debug|x86
		{48214017-A9A0-4F0C-9F06-D2418F9B7576}.Debug|iPhoneSimulator.Build.0 = Debug|x86
		{48214017-A9A0-4F0C-9F06-D2418F9B7576}.Debug|iPhoneSimulator.Deploy.0 = Debug|x86
		{48214017-A9A0-4F0C-9F06-D2418F9B7576}.Debug|x64.ActiveCfg = Debug|x64
		{48214017-A9A0-4F0C-9F06-D2418F9B7576}.Debug|x64.Build.0 = Debug|x64
		{48214017-A9A0-4F0C-9F06-D2418F9B7576}.Debug|x64.Deploy.0 = Debug|x64
		{48214017-A9A0-4F0C-9F06-D2418F9B7576}.Debug|x86.ActiveCfg = Debug|x86
		{48214017-A9A0-4F0C-9F06-D2418F9B7576}.Debug|x86.Build.0 = Debug|x86
		{48214017-A9A0-4F0C-9F06-D2418F9B7576}.Debug|x86.Deploy.0 = Debug|x86
		{48214017-A9A0-4F0C-9F06-D2418F9B7576}.Release|Any CPU.ActiveCfg = Release|x86
		{48214017-A9A0-4F0C-9F06-D2418F9B7576}.Release|Any CPU.Build.0 = Release|x86
		{48214017-A9A0-4F0C-9F06-D2418F9B7576}.Release|Any CPU.Deploy.0 = Release|x86
		{48214017-A9A0-4F0C-9F06-D2418F9B7576}.Release|ARM.ActiveCfg = Release|ARM
		{48214017-A9A0-4F0C-9F06-D2418F9B7576}.Release|ARM.Build.0 = Release|ARM
		{48214017-A9A0-4F0C-9F06-D2418F9B7576}.Release|ARM.Deploy.0 = Release|ARM
		{48214017-A9A0-4F0C-9F06-D2418F9B7576}.Release|iPhone.ActiveCfg = Release|x86
		{48214017-A9A0-4F0C-9F06-D2418F9B7576}.Release|iPhone.Build.0 = Release|x86
		{48214017-A9A0-4F0C-9F06-D2418F9B7576}.Release|iPhone.Deploy.0 = Release|x86
		{48214017-A9A0-4F0C-9F06-D2418F9B7576}.Release|iPhoneSimulator.ActiveCfg = Release|x86
		{48214017-A9A0-4F0C-9F06-D2418F9B7576}.Release|iPhoneSimulator.Build.0 = Release|x86
		{48214017-A9A0-4F0C-9F06-D2418F9B7576}.Release|iPhoneSimulator.Deploy.0 = Release|x86
		{48214017-A9A0-4F0C-9F06-D2418F9B7576}.Release|x64.ActiveCfg = Release|x64
		{48214017-A9A0-4F0C-9F06-D2418F9B7576}.Release|x64.Build.0 = Release|x64
		{48214017-A9A0-4F0C-9F06-D2418F9B7576}.Release|x64.Deploy.0 = Release|x64
		{48214017-A9A0-4F0C-9F06-D2418F9B7576}.Release|x86.ActiveCfg = Release|x86
		{48214017-A9A0-4F0C-9F06-D2418F9B7576}.Release|x86.Build.0 = Release|x86
		{48214017-A9A0-4F0C-9F06-D2418F9B7576}.Release|x86.Deploy.0 = Release|x86
		{B14610FD-0084-412D-A90A-EFACF13099F5}.Debug|Any CPU.ActiveCfg = Debug|Any CPU
		{B14610FD-0084-412D-A90A-EFACF13099F5}.Debug|Any CPU.Build.0 = Debug|Any CPU
		{B14610FD-0084-412D-A90A-EFACF13099F5}.Debug|Any CPU.Deploy.0 = Debug|Any CPU
		{B14610FD-0084-412D-A90A-EFACF13099F5}.Debug|ARM.ActiveCfg = Debug|Any CPU
		{B14610FD-0084-412D-A90A-EFACF13099F5}.Debug|ARM.Build.0 = Debug|Any CPU
		{B14610FD-0084-412D-A90A-EFACF13099F5}.Debug|ARM.Deploy.0 = Debug|Any CPU
		{B14610FD-0084-412D-A90A-EFACF13099F5}.Debug|iPhone.ActiveCfg = Debug|Any CPU
		{B14610FD-0084-412D-A90A-EFACF13099F5}.Debug|iPhone.Build.0 = Debug|Any CPU
		{B14610FD-0084-412D-A90A-EFACF13099F5}.Debug|iPhone.Deploy.0 = Debug|Any CPU
		{B14610FD-0084-412D-A90A-EFACF13099F5}.Debug|iPhoneSimulator.ActiveCfg = Debug|Any CPU
		{B14610FD-0084-412D-A90A-EFACF13099F5}.Debug|iPhoneSimulator.Build.0 = Debug|Any CPU
		{B14610FD-0084-412D-A90A-EFACF13099F5}.Debug|iPhoneSimulator.Deploy.0 = Debug|Any CPU
		{B14610FD-0084-412D-A90A-EFACF13099F5}.Debug|x64.ActiveCfg = Debug|Any CPU
		{B14610FD-0084-412D-A90A-EFACF13099F5}.Debug|x64.Build.0 = Debug|Any CPU
		{B14610FD-0084-412D-A90A-EFACF13099F5}.Debug|x64.Deploy.0 = Debug|Any CPU
		{B14610FD-0084-412D-A90A-EFACF13099F5}.Debug|x86.ActiveCfg = Debug|Any CPU
		{B14610FD-0084-412D-A90A-EFACF13099F5}.Debug|x86.Build.0 = Debug|Any CPU
		{B14610FD-0084-412D-A90A-EFACF13099F5}.Debug|x86.Deploy.0 = Debug|Any CPU
		{B14610FD-0084-412D-A90A-EFACF13099F5}.Release|Any CPU.ActiveCfg = Release|Any CPU
		{B14610FD-0084-412D-A90A-EFACF13099F5}.Release|Any CPU.Build.0 = Release|Any CPU
		{B14610FD-0084-412D-A90A-EFACF13099F5}.Release|Any CPU.Deploy.0 = Release|Any CPU
		{B14610FD-0084-412D-A90A-EFACF13099F5}.Release|ARM.ActiveCfg = Release|Any CPU
		{B14610FD-0084-412D-A90A-EFACF13099F5}.Release|ARM.Build.0 = Release|Any CPU
		{B14610FD-0084-412D-A90A-EFACF13099F5}.Release|ARM.Deploy.0 = Release|Any CPU
		{B14610FD-0084-412D-A90A-EFACF13099F5}.Release|iPhone.ActiveCfg = Release|Any CPU
		{B14610FD-0084-412D-A90A-EFACF13099F5}.Release|iPhone.Build.0 = Release|Any CPU
		{B14610FD-0084-412D-A90A-EFACF13099F5}.Release|iPhone.Deploy.0 = Release|Any CPU
		{B14610FD-0084-412D-A90A-EFACF13099F5}.Release|iPhoneSimulator.ActiveCfg = Release|Any CPU
		{B14610FD-0084-412D-A90A-EFACF13099F5}.Release|iPhoneSimulator.Build.0 = Release|Any CPU
		{B14610FD-0084-412D-A90A-EFACF13099F5}.Release|iPhoneSimulator.Deploy.0 = Release|Any CPU
		{B14610FD-0084-412D-A90A-EFACF13099F5}.Release|x64.ActiveCfg = Release|Any CPU
		{B14610FD-0084-412D-A90A-EFACF13099F5}.Release|x64.Build.0 = Release|Any CPU
		{B14610FD-0084-412D-A90A-EFACF13099F5}.Release|x64.Deploy.0 = Release|Any CPU
		{B14610FD-0084-412D-A90A-EFACF13099F5}.Release|x86.ActiveCfg = Release|Any CPU
		{B14610FD-0084-412D-A90A-EFACF13099F5}.Release|x86.Build.0 = Release|Any CPU
		{B14610FD-0084-412D-A90A-EFACF13099F5}.Release|x86.Deploy.0 = Release|Any CPU
		{580D7367-E115-4F2C-81AB-9F75ADE90DEE}.Debug|Any CPU.ActiveCfg = Debug|iPhone
		{580D7367-E115-4F2C-81AB-9F75ADE90DEE}.Debug|Any CPU.Build.0 = Debug|iPhone
		{580D7367-E115-4F2C-81AB-9F75ADE90DEE}.Debug|Any CPU.Deploy.0 = Debug|iPhone
		{580D7367-E115-4F2C-81AB-9F75ADE90DEE}.Debug|ARM.ActiveCfg = Debug|iPhoneSimulator
		{580D7367-E115-4F2C-81AB-9F75ADE90DEE}.Debug|ARM.Build.0 = Debug|iPhoneSimulator
		{580D7367-E115-4F2C-81AB-9F75ADE90DEE}.Debug|ARM.Deploy.0 = Debug|iPhoneSimulator
		{580D7367-E115-4F2C-81AB-9F75ADE90DEE}.Debug|iPhone.ActiveCfg = Debug|iPhone
		{580D7367-E115-4F2C-81AB-9F75ADE90DEE}.Debug|iPhone.Build.0 = Debug|iPhone
		{580D7367-E115-4F2C-81AB-9F75ADE90DEE}.Debug|iPhone.Deploy.0 = Debug|iPhone
		{580D7367-E115-4F2C-81AB-9F75ADE90DEE}.Debug|iPhoneSimulator.ActiveCfg = Debug|iPhoneSimulator
		{580D7367-E115-4F2C-81AB-9F75ADE90DEE}.Debug|iPhoneSimulator.Build.0 = Debug|iPhoneSimulator
		{580D7367-E115-4F2C-81AB-9F75ADE90DEE}.Debug|iPhoneSimulator.Deploy.0 = Debug|iPhoneSimulator
		{580D7367-E115-4F2C-81AB-9F75ADE90DEE}.Debug|x64.ActiveCfg = Debug|iPhone
		{580D7367-E115-4F2C-81AB-9F75ADE90DEE}.Debug|x64.Build.0 = Debug|iPhone
		{580D7367-E115-4F2C-81AB-9F75ADE90DEE}.Debug|x64.Deploy.0 = Debug|iPhone
		{580D7367-E115-4F2C-81AB-9F75ADE90DEE}.Debug|x86.ActiveCfg = Debug|iPhone
		{580D7367-E115-4F2C-81AB-9F75ADE90DEE}.Debug|x86.Build.0 = Debug|iPhone
		{580D7367-E115-4F2C-81AB-9F75ADE90DEE}.Debug|x86.Deploy.0 = Debug|iPhone
		{580D7367-E115-4F2C-81AB-9F75ADE90DEE}.Release|Any CPU.ActiveCfg = Release|iPhone
		{580D7367-E115-4F2C-81AB-9F75ADE90DEE}.Release|Any CPU.Build.0 = Release|iPhone
		{580D7367-E115-4F2C-81AB-9F75ADE90DEE}.Release|Any CPU.Deploy.0 = Release|iPhone
		{580D7367-E115-4F2C-81AB-9F75ADE90DEE}.Release|ARM.ActiveCfg = Release|iPhone
		{580D7367-E115-4F2C-81AB-9F75ADE90DEE}.Release|ARM.Build.0 = Release|iPhone
		{580D7367-E115-4F2C-81AB-9F75ADE90DEE}.Release|ARM.Deploy.0 = Release|iPhone
		{580D7367-E115-4F2C-81AB-9F75ADE90DEE}.Release|iPhone.ActiveCfg = Release|iPhone
		{580D7367-E115-4F2C-81AB-9F75ADE90DEE}.Release|iPhone.Build.0 = Release|iPhone
		{580D7367-E115-4F2C-81AB-9F75ADE90DEE}.Release|iPhone.Deploy.0 = Release|iPhone
		{580D7367-E115-4F2C-81AB-9F75ADE90DEE}.Release|iPhoneSimulator.ActiveCfg = Release|iPhoneSimulator
		{580D7367-E115-4F2C-81AB-9F75ADE90DEE}.Release|iPhoneSimulator.Build.0 = Release|iPhoneSimulator
		{580D7367-E115-4F2C-81AB-9F75ADE90DEE}.Release|iPhoneSimulator.Deploy.0 = Release|iPhoneSimulator
		{580D7367-E115-4F2C-81AB-9F75ADE90DEE}.Release|x64.ActiveCfg = Release|iPhone
		{580D7367-E115-4F2C-81AB-9F75ADE90DEE}.Release|x64.Build.0 = Release|iPhone
		{580D7367-E115-4F2C-81AB-9F75ADE90DEE}.Release|x64.Deploy.0 = Release|iPhone
		{580D7367-E115-4F2C-81AB-9F75ADE90DEE}.Release|x86.ActiveCfg = Release|iPhone
		{580D7367-E115-4F2C-81AB-9F75ADE90DEE}.Release|x86.Build.0 = Release|iPhone
		{580D7367-E115-4F2C-81AB-9F75ADE90DEE}.Release|x86.Deploy.0 = Release|iPhone
		{366C24F7-1297-43FF-838B-8B4039F5264A}.Debug|Any CPU.ActiveCfg = Debug|Any CPU
		{366C24F7-1297-43FF-838B-8B4039F5264A}.Debug|Any CPU.Build.0 = Debug|Any CPU
		{366C24F7-1297-43FF-838B-8B4039F5264A}.Debug|Any CPU.Deploy.0 = Debug|Any CPU
		{366C24F7-1297-43FF-838B-8B4039F5264A}.Debug|ARM.ActiveCfg = Debug|Any CPU
		{366C24F7-1297-43FF-838B-8B4039F5264A}.Debug|ARM.Build.0 = Debug|Any CPU
		{366C24F7-1297-43FF-838B-8B4039F5264A}.Debug|ARM.Deploy.0 = Debug|Any CPU
		{366C24F7-1297-43FF-838B-8B4039F5264A}.Debug|iPhone.ActiveCfg = Debug|Any CPU
		{366C24F7-1297-43FF-838B-8B4039F5264A}.Debug|iPhone.Build.0 = Debug|Any CPU
		{366C24F7-1297-43FF-838B-8B4039F5264A}.Debug|iPhone.Deploy.0 = Debug|Any CPU
		{366C24F7-1297-43FF-838B-8B4039F5264A}.Debug|iPhoneSimulator.ActiveCfg = Debug|Any CPU
		{366C24F7-1297-43FF-838B-8B4039F5264A}.Debug|iPhoneSimulator.Build.0 = Debug|Any CPU
		{366C24F7-1297-43FF-838B-8B4039F5264A}.Debug|iPhoneSimulator.Deploy.0 = Debug|Any CPU
		{366C24F7-1297-43FF-838B-8B4039F5264A}.Debug|x64.ActiveCfg = Debug|Any CPU
		{366C24F7-1297-43FF-838B-8B4039F5264A}.Debug|x64.Build.0 = Debug|Any CPU
		{366C24F7-1297-43FF-838B-8B4039F5264A}.Debug|x64.Deploy.0 = Debug|Any CPU
		{366C24F7-1297-43FF-838B-8B4039F5264A}.Debug|x86.ActiveCfg = Debug|Any CPU
		{366C24F7-1297-43FF-838B-8B4039F5264A}.Debug|x86.Build.0 = Debug|Any CPU
		{366C24F7-1297-43FF-838B-8B4039F5264A}.Debug|x86.Deploy.0 = Debug|Any CPU
		{366C24F7-1297-43FF-838B-8B4039F5264A}.Release|Any CPU.ActiveCfg = Release|Any CPU
		{366C24F7-1297-43FF-838B-8B4039F5264A}.Release|Any CPU.Build.0 = Release|Any CPU
		{366C24F7-1297-43FF-838B-8B4039F5264A}.Release|Any CPU.Deploy.0 = Release|Any CPU
		{366C24F7-1297-43FF-838B-8B4039F5264A}.Release|ARM.ActiveCfg = Release|Any CPU
		{366C24F7-1297-43FF-838B-8B4039F5264A}.Release|ARM.Build.0 = Release|Any CPU
		{366C24F7-1297-43FF-838B-8B4039F5264A}.Release|ARM.Deploy.0 = Release|Any CPU
		{366C24F7-1297-43FF-838B-8B4039F5264A}.Release|iPhone.ActiveCfg = Release|Any CPU
		{366C24F7-1297-43FF-838B-8B4039F5264A}.Release|iPhone.Build.0 = Release|Any CPU
		{366C24F7-1297-43FF-838B-8B4039F5264A}.Release|iPhone.Deploy.0 = Release|Any CPU
		{366C24F7-1297-43FF-838B-8B4039F5264A}.Release|iPhoneSimulator.ActiveCfg = Release|Any CPU
		{366C24F7-1297-43FF-838B-8B4039F5264A}.Release|iPhoneSimulator.Build.0 = Release|Any CPU
		{366C24F7-1297-43FF-838B-8B4039F5264A}.Release|iPhoneSimulator.Deploy.0 = Release|Any CPU
		{366C24F7-1297-43FF-838B-8B4039F5264A}.Release|x64.ActiveCfg = Release|Any CPU
		{366C24F7-1297-43FF-838B-8B4039F5264A}.Release|x64.Build.0 = Release|Any CPU
		{366C24F7-1297-43FF-838B-8B4039F5264A}.Release|x64.Deploy.0 = Release|Any CPU
		{366C24F7-1297-43FF-838B-8B4039F5264A}.Release|x86.ActiveCfg = Release|Any CPU
		{366C24F7-1297-43FF-838B-8B4039F5264A}.Release|x86.Build.0 = Release|Any CPU
		{366C24F7-1297-43FF-838B-8B4039F5264A}.Release|x86.Deploy.0 = Release|Any CPU
	EndGlobalSection
	GlobalSection(SolutionProperties) = preSolution
		HideSolutionNode = FALSE
	EndGlobalSection
	GlobalSection(ExtensibilityGlobals) = postSolution
		SolutionGuid = {91E13F52-4CF1-4841-8A7F-9671175F4012}
	EndGlobalSection
EndGlobal
